
Microsoft Visual Studio Solution File, Format Version 12.00
# Visual Studio 2013
VisualStudioVersion = 12.0.21005.1
MinimumVisualStudioVersion = 10.0.40219.1
Project("{FAE04EC0-301F-11D3-BF4B-00C04F79EFBC}") = "quanlykhachsan2", "quanlykhachsan2\quanlykhachsan2.csproj", "{8D19FBA0-67B1-446B-808C-DA348BC40930}"
	ProjectSection(ProjectDependencies) = postProject
		{CD5BCB3C-056C-48E9-93BE-D712C5EBC5EA} = {CD5BCB3C-056C-48E9-93BE-D712C5EBC5EA}
		{079CBE46-EB64-4EB0-9BD0-B6CAEED6840A} = {079CBE46-EB64-4EB0-9BD0-B6CAEED6840A}
		{DCBE7866-5C6C-416C-8E3B-34C57CB3760C} = {DCBE7866-5C6C-416C-8E3B-34C57CB3760C}
	EndProjectSection
EndProject
Project("{FAE04EC0-301F-11D3-BF4B-00C04F79EFBC}") = "QuanLyKhachSanBUS", "QuanLyKhachSanBUS\QuanLyKhachSanBUS.csproj", "{079CBE46-EB64-4EB0-9BD0-B6CAEED6840A}"
EndProject
Project("{FAE04EC0-301F-11D3-BF4B-00C04F79EFBC}") = "QuanLyKhachSanDAL", "QuanLyKhachSanDAL\QuanLyKhachSanDAL.csproj", "{DCBE7866-5C6C-416C-8E3B-34C57CB3760C}"
EndProject
Project("{FAE04EC0-301F-11D3-BF4B-00C04F79EFBC}") = "QuanLyKhachSanEntity", "QuanLyKhachSanEntity\QuanLyKhachSanEntity.csproj", "{CD5BCB3C-056C-48E9-93BE-D712C5EBC5EA}"
EndProject
Project("{FAE04EC0-301F-11D3-BF4B-00C04F79EFBC}") = "PhanQuyen", "PhanQuyen\PhanQuyen.csproj", "{8463A89D-2118-4D95-A038-8E1D4A5538D7}"
EndProject
Global
	GlobalSection(SolutionConfigurationPlatforms) = preSolution
		Debug|Any CPU = Debug|Any CPU
		Release|Any CPU = Release|Any CPU
	EndGlobalSection
	GlobalSection(ProjectConfigurationPlatforms) = postSolution
		{8D19FBA0-67B1-446B-808C-DA348BC40930}.Debug|Any CPU.ActiveCfg = Debug|Any CPU
		{8D19FBA0-67B1-446B-808C-DA348BC40930}.Debug|Any CPU.Build.0 = Debug|Any CPU
		{8D19FBA0-67B1-446B-808C-DA348BC40930}.Release|Any CPU.ActiveCfg = Release|Any CPU
		{8D19FBA0-67B1-446B-808C-DA348BC40930}.Release|Any CPU.Build.0 = Release|Any CPU
		{079CBE46-EB64-4EB0-9BD0-B6CAEED6840A}.Debug|Any CPU.ActiveCfg = Debug|Any CPU
		{079CBE46-EB64-4EB0-9BD0-B6CAEED6840A}.Debug|Any CPU.Build.0 = Debug|Any CPU
		{079CBE46-EB64-4EB0-9BD0-B6CAEED6840A}.Release|Any CPU.ActiveCfg = Release|Any CPU
		{079CBE46-EB64-4EB0-9BD0-B6CAEED6840A}.Release|Any CPU.Build.0 = Release|Any CPU
		{DCBE7866-5C6C-416C-8E3B-34C57CB3760C}.Debug|Any CPU.ActiveCfg = Debug|Any CPU
		{DCBE7866-5C6C-416C-8E3B-34C57CB3760C}.Debug|Any CPU.Build.0 = Debug|Any CPU
		{DCBE7866-5C6C-416C-8E3B-34C57CB3760C}.Release|Any CPU.ActiveCfg = Release|Any CPU
		{DCBE7866-5C6C-416C-8E3B-34C57CB3760C}.Release|Any CPU.Build.0 = Release|Any CPU
		{CD5BCB3C-056C-48E9-93BE-D712C5EBC5EA}.Debug|Any CPU.ActiveCfg = Debug|Any CPU
		{CD5BCB3C-056C-48E9-93BE-D712C5EBC5EA}.Debug|Any CPU.Build.0 = Debug|Any CPU
		{CD5BCB3C-056C-48E9-93BE-D712C5EBC5EA}.Release|Any CPU.ActiveCfg = Release|Any CPU
		{CD5BCB3C-056C-48E9-93BE-D712C5EBC5EA}.Release|Any CPU.Build.0 = Release|Any CPU
		{8463A89D-2118-4D95-A038-8E1D4A5538D7}.Debug|Any CPU.ActiveCfg = Debug|Any CPU
		{8463A89D-2118-4D95-A038-8E1D4A5538D7}.Debug|Any CPU.Build.0 = Debug|Any CPU
		{8463A89D-2118-4D95-A038-8E1D4A5538D7}.Release|Any CPU.ActiveCfg = Release|Any CPU
		{8463A89D-2118-4D95-A038-8E1D4A5538D7}.Release|Any CPU.Build.0 = Release|Any CPU
	EndGlobalSection
	GlobalSection(SolutionProperties) = preSolution
		HideSolutionNode = FALSE
	EndGlobalSection
EndGlobal
